
Microsoft Visual Studio Solution File, Format Version 11.00
# Visual Studio 2010
Project("{FAE04EC0-301F-11D3-BF4B-00C04F79EFBC}") = "MyApp", "MyApp\MyApp.csproj", "{DAAC4AC5-65F3-469D-B9C1-ACE80139C9FF}"
EndProject
Project("{2150E333-8FDC-42A3-9474-1A3956D46DE8}") = ".nuget", ".nuget", "{0A3A78F8-6D9D-4BB3-A0EA-D2C3BD73457A}"
	ProjectSection(SolutionItems) = preProject
		.nuget\packages.config = .nuget\packages.config
	EndProjectSection
EndProject
Project("{2150E333-8FDC-42A3-9474-1A3956D46DE8}") = "Solution Items", "Solution Items", "{D1CC14AC-86EC-46A9-9C2E-691A61866870}"
	ProjectSection(SolutionItems) = preProject
		build.xml = build.xml
		Local.testsettings = Local.testsettings
		MyApp.vsmdi = MyApp.vsmdi
		TraceAndTestImpact.testsettings = TraceAndTestImpact.testsettings
	EndProjectSection
EndProject
Project("{FAE04EC0-301F-11D3-BF4B-00C04F79EFBC}") = "MyApp.Tests", "MyApp.Tests\MyApp.Tests.csproj", "{9E83D63A-A3EE-48D0-965F-0669196BCF6B}"
EndProject
Global
	GlobalSection(TestCaseManagementSettings) = postSolution
		CategoryFile = MyApp.vsmdi
	EndGlobalSection
	GlobalSection(SolutionConfigurationPlatforms) = preSolution
		Debug|Any CPU = Debug|Any CPU
		Release|Any CPU = Release|Any CPU
	EndGlobalSection
	GlobalSection(ProjectConfigurationPlatforms) = postSolution
		{DAAC4AC5-65F3-469D-B9C1-ACE80139C9FF}.Debug|Any CPU.ActiveCfg = Debug|Any CPU
		{DAAC4AC5-65F3-469D-B9C1-ACE80139C9FF}.Debug|Any CPU.Build.0 = Debug|Any CPU
		{DAAC4AC5-65F3-469D-B9C1-ACE80139C9FF}.Release|Any CPU.ActiveCfg = Release|Any CPU
		{DAAC4AC5-65F3-469D-B9C1-ACE80139C9FF}.Release|Any CPU.Build.0 = Release|Any CPU
		{9E83D63A-A3EE-48D0-965F-0669196BCF6B}.Debug|Any CPU.ActiveCfg = Debug|Any CPU
		{9E83D63A-A3EE-48D0-965F-0669196BCF6B}.Debug|Any CPU.Build.0 = Debug|Any CPU
		{9E83D63A-A3EE-48D0-965F-0669196BCF6B}.Release|Any CPU.ActiveCfg = Release|Any CPU
		{9E83D63A-A3EE-48D0-965F-0669196BCF6B}.Release|Any CPU.Build.0 = Release|Any CPU
	EndGlobalSection
	GlobalSection(SolutionProperties) = preSolution
		HideSolutionNode = FALSE
	EndGlobalSection
EndGlobal
